{
  "name": "AnnualMeeting",
  "version": "1.0.0",
  "lockfileVersion": 1,
  "requires": true,
  "dependencies": {
    "wux-weapp": {
      "version": "3.3.0",
      "resolved": "https://registry.npmjs.org/wux-weapp/-/wux-weapp-3.3.0.tgz",
      "integrity": "sha512-YiknP9++f6rDfhX0cIL55vdpjgEL6k0Kwm2Eds6fop3rzP6J88zu5TPr6V88VB+0ZCANbgI5BnnxEOwwALrseQ=="
    },
    "wx-promise-pro": {
      "version": "2.6.0",
      "resolved": "https://registry.npmjs.org/wx-promise-pro/-/wx-promise-pro-2.6.0.tgz",
      "integrity": "sha512-xzy8mPnOVXyKM/q6SkHmLerYDL3XsVZvOQ8I1j3vqe7rcnAzgQO0jTjG7kDERJNg/HsEmo3rvHvj9OGK0R/dlA=="
    }
  }
}
